# This file is autogenerated, do not edit; changes may be undone by the next 'dep ensure'.


[[projects]]
  branch = "master"
  name = "github.com/juju/gnuflag"
  packages = ["."]
  revision = "2ce1bb71843d6d179b3f1c1c9cb4a72cd067fc65"

[solve-meta]
  analyzer-name = "dep"
  analyzer-version = 1
  inputs-digest = "4b9e43b583b40e59be4f64da761e530854432ac4c9e65678990a74b7a92c94f8"
  solver-name = "gps-cdcl"
  solver-version = 1
